
Microsoft Visual Studio Solution File, Format Version 12.00
# Visual Studio Version 17
VisualStudioVersion = 17.13.35825.156 d17.13
MinimumVisualStudioVersion = 10.0.40219.1
Project("{FAE04EC0-301F-11D3-BF4B-00C04F79EFBC}") = "ToursApp", "ToursApp\ToursApp.csproj", "{838133FD-DDA7-41B8-BC6E-DB1F27304400}"
EndProject
Global
	GlobalSection(SolutionConfigurationPlatforms) = preSolution
		Debug|Any CPU = Debug|Any CPU
		Release|Any CPU = Release|Any CPU
	EndGlobalSection
	GlobalSection(ProjectConfigurationPlatforms) = postSolution
		{838133FD-DDA7-41B8-BC6E-DB1F27304400}.Debug|Any CPU.ActiveCfg = Debug|Any CPU
		{838133FD-DDA7-41B8-BC6E-DB1F27304400}.Debug|Any CPU.Build.0 = Debug|Any CPU
		{838133FD-DDA7-41B8-BC6E-DB1F27304400}.Release|Any CPU.ActiveCfg = Release|Any CPU
		{838133FD-DDA7-41B8-BC6E-DB1F27304400}.Release|Any CPU.Build.0 = Release|Any CPU
	EndGlobalSection
	GlobalSection(SolutionProperties) = preSolution
		HideSolutionNode = FALSE
	EndGlobalSection
	GlobalSection(ExtensibilityGlobals) = postSolution
		SolutionGuid = {2DC00BED-D90D-4EC9-B690-AA8BD951FF9F}
	EndGlobalSection
EndGlobal
